
Microsoft Visual Studio Solution File, Format Version 12.00
# Visual Studio Version 16
VisualStudioVersion = 16.0.30104.148
MinimumVisualStudioVersion = 10.0.40219.1
Project("{9A19103F-16F7-4668-BE54-9A1E7A4F7556}") = "PikaDb", "ElevenDb\ElevenDb.csproj", "{6F070428-63CF-41A2-A99F-361DE54540AC}"
EndProject
Project("{9A19103F-16F7-4668-BE54-9A1E7A4F7556}") = "PikaTests", "ElevenTests\ElevenTests.csproj", "{7E3CB129-E981-447C-B1A1-320B1BFBF264}"
EndProject
Global
	GlobalSection(SolutionConfigurationPlatforms) = preSolution
		Debug|Any CPU = Debug|Any CPU
		Release|Any CPU = Release|Any CPU
	EndGlobalSection
	GlobalSection(ProjectConfigurationPlatforms) = postSolution
		{6F070428-63CF-41A2-A99F-361DE54540AC}.Debug|Any CPU.ActiveCfg = Debug|Any CPU
		{6F070428-63CF-41A2-A99F-361DE54540AC}.Debug|Any CPU.Build.0 = Debug|Any CPU
		{6F070428-63CF-41A2-A99F-361DE54540AC}.Release|Any CPU.ActiveCfg = Release|Any CPU
		{6F070428-63CF-41A2-A99F-361DE54540AC}.Release|Any CPU.Build.0 = Release|Any CPU
		{7E3CB129-E981-447C-B1A1-320B1BFBF264}.Debug|Any CPU.ActiveCfg = Debug|Any CPU
		{7E3CB129-E981-447C-B1A1-320B1BFBF264}.Debug|Any CPU.Build.0 = Debug|Any CPU
		{7E3CB129-E981-447C-B1A1-320B1BFBF264}.Release|Any CPU.ActiveCfg = Release|Any CPU
		{7E3CB129-E981-447C-B1A1-320B1BFBF264}.Release|Any CPU.Build.0 = Release|Any CPU
	EndGlobalSection
	GlobalSection(SolutionProperties) = preSolution
		HideSolutionNode = FALSE
	EndGlobalSection
	GlobalSection(ExtensibilityGlobals) = postSolution
		SolutionGuid = {D4D4CDF4-4ACE-4A16-B004-220DB0B8F3C8}
	EndGlobalSection
EndGlobal
